
Microsoft Visual Studio Solution File, Format Version 12.00
# Visual Studio Version 17
VisualStudioVersion = 17.5.002.0
MinimumVisualStudioVersion = 10.0.40219.1
Project("{9A19103F-16F7-4668-BE54-9A1E7A4F7556}") = "MusicAPI", "MusicAPI.csproj", "{CAD98DB9-71D5-4519-A632-0DA86122B794}"
EndProject
Global
	GlobalSection(SolutionConfigurationPlatforms) = preSolution
		Debug|Any CPU = Debug|Any CPU
		Release|Any CPU = Release|Any CPU
	EndGlobalSection
	GlobalSection(ProjectConfigurationPlatforms) = postSolution
		{CAD98DB9-71D5-4519-A632-0DA86122B794}.Debug|Any CPU.ActiveCfg = Debug|Any CPU
		{CAD98DB9-71D5-4519-A632-0DA86122B794}.Debug|Any CPU.Build.0 = Debug|Any CPU
		{CAD98DB9-71D5-4519-A632-0DA86122B794}.Release|Any CPU.ActiveCfg = Release|Any CPU
		{CAD98DB9-71D5-4519-A632-0DA86122B794}.Release|Any CPU.Build.0 = Release|Any CPU
	EndGlobalSection
	GlobalSection(SolutionProperties) = preSolution
		HideSolutionNode = FALSE
	EndGlobalSection
	GlobalSection(ExtensibilityGlobals) = postSolution
		SolutionGuid = {42E2CFE8-FAA7-4C51-8948-F14AF84F3181}
	EndGlobalSection
EndGlobal
